// !$*UTF8*$!
{
	archiveVersion = 1;
	classes = {
	};
	objectVersion = 55;
	objects = {

/* Begin PBXBuildFile section */
		9E583A8828E9BE8A00F23EB3 /* Alamofire in Frameworks */ = {isa = PBXBuildFile; productRef = 9E583A8728E9BE8A00F23EB3 /* Alamofire */; };
		9E583A8B28E9BEB300F23EB3 /* SwiftyJSON in Frameworks */ = {isa = PBXBuildFile; productRef = 9E583A8A28E9BEB300F23EB3 /* SwiftyJSON */; };
		9E583A8E28E9BF1A00F23EB3 /* Realm in Frameworks */ = {isa = PBXBuildFile; productRef = 9E583A8D28E9BF1A00F23EB3 /* Realm */; };
		9E583A9028E9BF1A00F23EB3 /* RealmSwift in Frameworks */ = {isa = PBXBuildFile; productRef = 9E583A8F28E9BF1A00F23EB3 /* RealmSwift */; };
		9E583A9328E9BF7700F23EB3 /* SnapKit in Frameworks */ = {isa = PBXBuildFile; productRef = 9E583A9228E9BF7700F23EB3 /* SnapKit */; };
		9E583A9628E9BF8F00F23EB3 /* Kingfisher in Frameworks */ = {isa = PBXBuildFile; productRef = 9E583A9528E9BF8F00F23EB3 /* Kingfisher */; };
		9E5AE26028DA9CE000D40B7B /* ROKAF Sans Bold.otf in Resources */ = {isa = PBXBuildFile; fileRef = 9E5AE25E28DA9CE000D40B7B /* ROKAF Sans Bold.otf */; };
		9E5AE26128DA9CE100D40B7B /* ROKAF Sans Medium.otf in Resources */ = {isa = PBXBuildFile; fileRef = 9E5AE25F28DA9CE000D40B7B /* ROKAF Sans Medium.otf */; };
		9E5AE26F28DC00DD00D40B7B /* TableViewExtension.swift in Sources */ = {isa = PBXBuildFile; fileRef = 9E5AE26E28DC00DD00D40B7B /* TableViewExtension.swift */; };
		9E65EB6728E4ABE300D41737 /* ColorCustom.swift in Sources */ = {isa = PBXBuildFile; fileRef = 9E65EB6628E4ABE200D41737 /* ColorCustom.swift */; };
		9E72500328D7B711000DF643 /* mountainData.swift in Sources */ = {isa = PBXBuildFile; fileRef = 9E72500228D7B711000DF643 /* mountainData.swift */; };
		9E72500528D7B74E000DF643 /* HomeSection.swift in Sources */ = {isa = PBXBuildFile; fileRef = 9E72500428D7B74E000DF643 /* HomeSection.swift */; };
		9E72500728D7C01F000DF643 /* labelUI.swift in Sources */ = {isa = PBXBuildFile; fileRef = 9E72500628D7C01F000DF643 /* labelUI.swift */; };
		9E72500B28D7C905000DF643 /* ElseCollectionViewCell.swift in Sources */ = {isa = PBXBuildFile; fileRef = 9E72500A28D7C905000DF643 /* ElseCollectionViewCell.swift */; };
		9EAB1D1328D20A57009406A9 /* DiaryViewController.swift in Sources */ = {isa = PBXBuildFile; fileRef = 9EAB1D1228D20A57009406A9 /* DiaryViewController.swift */; };
		9EAB1D1528D20A5E009406A9 /* SearchViewController.swift in Sources */ = {isa = PBXBuildFile; fileRef = 9EAB1D1428D20A5E009406A9 /* SearchViewController.swift */; };
		9EC2F77928E0906600DBC759 /* Repository.swift in Sources */ = {isa = PBXBuildFile; fileRef = 9EC2F77828E0906600DBC759 /* Repository.swift */; };
		9EC2F7A128E1698300DBC759 /* Userdefault + Realm.swift in Sources */ = {isa = PBXBuildFile; fileRef = 9EC2F7A028E1698300DBC759 /* Userdefault + Realm.swift */; };
		9ECDCCD628DC67A400D412CC /* XMLParsing.swift in Sources */ = {isa = PBXBuildFile; fileRef = 9ECDCCD528DC67A400D412CC /* XMLParsing.swift */; };
		9ED7695928D06099002D2574 /* AppDelegate.swift in Sources */ = {isa = PBXBuildFile; fileRef = 9ED7695828D06099002D2574 /* AppDelegate.swift */; };
		9ED7695B28D06099002D2574 /* SceneDelegate.swift in Sources */ = {isa = PBXBuildFile; fileRef = 9ED7695A28D06099002D2574 /* SceneDelegate.swift */; };
		9ED7696228D0609B002D2574 /* Assets.xcassets in Resources */ = {isa = PBXBuildFile; fileRef = 9ED7696128D0609B002D2574 /* Assets.xcassets */; };
		9ED7696528D0609B002D2574 /* LaunchScreen.storyboard in Resources */ = {isa = PBXBuildFile; fileRef = 9ED7696328D0609B002D2574 /* LaunchScreen.storyboard */; };
		9ED7697628D063A9002D2574 /* BaseViewController.swift in Sources */ = {isa = PBXBuildFile; fileRef = 9ED7697528D063A9002D2574 /* BaseViewController.swift */; };
		9ED7697828D063BA002D2574 /* BaseView.swift in Sources */ = {isa = PBXBuildFile; fileRef = 9ED7697728D063BA002D2574 /* BaseView.swift */; };
		9ED7697A28D063F8002D2574 /* MountainModel.swift in Sources */ = {isa = PBXBuildFile; fileRef = 9ED7697928D063F8002D2574 /* MountainModel.swift */; };
		9ED7698D28D184B1002D2574 /* BaseTableViewCell.swift in Sources */ = {isa = PBXBuildFile; fileRef = 9ED7698C28D184B1002D2574 /* BaseTableViewCell.swift */; };
		9ED7699028D1850B002D2574 /* Reusableprotocol.swift in Sources */ = {isa = PBXBuildFile; fileRef = 9ED7698F28D1850B002D2574 /* Reusableprotocol.swift */; };
		9ED7699228D18564002D2574 /* BaseCollectionViewCell.swift in Sources */ = {isa = PBXBuildFile; fileRef = 9ED7699128D18564002D2574 /* BaseCollectionViewCell.swift */; };
		9EF3220D28E4F0460048276E /* HSGooltokki.ttf in Resources */ = {isa = PBXBuildFile; fileRef = 9EF3220B28E4F0450048276E /* HSGooltokki.ttf */; };
		9EF3220E28E4F0460048276E /* KOTRA_SONGEULSSI.otf in Resources */ = {isa = PBXBuildFile; fileRef = 9EF3220C28E4F0460048276E /* KOTRA_SONGEULSSI.otf */; };
		9EF3221028E4F1F30048276E /* KOTRA_BOLD.otf in Resources */ = {isa = PBXBuildFile; fileRef = 9EF3220F28E4F1F30048276E /* KOTRA_BOLD.otf */; };
		9EF3221228E4FA3B0048276E /* Main.storyboard in Resources */ = {isa = PBXBuildFile; fileRef = 9EF3221128E4FA3B0048276E /* Main.storyboard */; };
		9EF3221428E728180048276E /* SaveImage.swift in Sources */ = {isa = PBXBuildFile; fileRef = 9EF3221328E728180048276E /* SaveImage.swift */; };
		9EF3221628E853F00048276E /* ConvertLocation.swift in Sources */ = {isa = PBXBuildFile; fileRef = 9EF3221528E853F00048276E /* ConvertLocation.swift */; };
		9EF6AC7F28D31DF7000551E1 /* APIKey.swift in Sources */ = {isa = PBXBuildFile; fileRef = 9EF6AC7E28D31DF7000551E1 /* APIKey.swift */; };
		9EF6AC9028D4DC53000551E1 /* SearchView.swift in Sources */ = {isa = PBXBuildFile; fileRef = 9EF6AC8F28D4DC53000551E1 /* SearchView.swift */; };
		9EF6AC9228D4DC6D000551E1 /* SearchTableViewCell.swift in Sources */ = {isa = PBXBuildFile; fileRef = 9EF6AC9128D4DC6D000551E1 /* SearchTableViewCell.swift */; };
		9EF6AC9428D4DCA3000551E1 /* DiaryView.swift in Sources */ = {isa = PBXBuildFile; fileRef = 9EF6AC9328D4DCA3000551E1 /* DiaryView.swift */; };
		9EF6AC9828D5C98C000551E1 /* FirstView.swift in Sources */ = {isa = PBXBuildFile; fileRef = 9EF6AC9728D5C98C000551E1 /* FirstView.swift */; };
		9EF6AC9A28D5C99E000551E1 /* FirstViewController.swift in Sources */ = {isa = PBXBuildFile; fileRef = 9EF6AC9928D5C99E000551E1 /* FirstViewController.swift */; };
		9EF6AC9C28D5CCED000551E1 /* Header.swift in Sources */ = {isa = PBXBuildFile; fileRef = 9EF6AC9B28D5CCED000551E1 /* Header.swift */; };
		9EF6AC9E28D5E13B000551E1 /* FirstCollectionViewCell.swift in Sources */ = {isa = PBXBuildFile; fileRef = 9EF6AC9D28D5E13A000551E1 /* FirstCollectionViewCell.swift */; };
		9EF6ACA828D70060000551E1 /* FontCustom.swift in Sources */ = {isa = PBXBuildFile; fileRef = 9EF6ACA728D7005F000551E1 /* FontCustom.swift */; };
		9EF6ACAA28D70E89000551E1 /* SearchBarExtension.swift in Sources */ = {isa = PBXBuildFile; fileRef = 9EF6ACA928D70E89000551E1 /* SearchBarExtension.swift */; };
		9EF6ACAC28D710A9000551E1 /* infoView.swift in Sources */ = {isa = PBXBuildFile; fileRef = 9EF6ACAB28D710A9000551E1 /* infoView.swift */; };
		9EF6ACAE28D710C9000551E1 /* InfoViewController.swift in Sources */ = {isa = PBXBuildFile; fileRef = 9EF6ACAD28D710C9000551E1 /* InfoViewController.swift */; };
		9EF6ACB028D710E3000551E1 /* InfoTableViewCell.swift in Sources */ = {isa = PBXBuildFile; fileRef = 9EF6ACAF28D710E2000551E1 /* InfoTableViewCell.swift */; };
		9EF6ACB928D757B8000551E1 /* DataStruct.swift in Sources */ = {isa = PBXBuildFile; fileRef = 9EF6ACB828D757B8000551E1 /* DataStruct.swift */; };
/* End PBXBuildFile section */

/* Begin PBXFileReference section */
		9E5AE25E28DA9CE000D40B7B /* ROKAF Sans Bold.otf */ = {isa = PBXFileReference; lastKnownFileType = file; path = "ROKAF Sans Bold.otf"; sourceTree = "<group>"; };
		9E5AE25F28DA9CE000D40B7B /* ROKAF Sans Medium.otf */ = {isa = PBXFileReference; lastKnownFileType = file; path = "ROKAF Sans Medium.otf"; sourceTree = "<group>"; };
		9E5AE26E28DC00DD00D40B7B /* TableViewExtension.swift */ = {isa = PBXFileReference; lastKnownFileType = sourcecode.swift; path = TableViewExtension.swift; sourceTree = "<group>"; };
		9E65EB6628E4ABE200D41737 /* ColorCustom.swift */ = {isa = PBXFileReference; lastKnownFileType = sourcecode.swift; path = ColorCustom.swift; sourceTree = "<group>"; };
		9E72500228D7B711000DF643 /* mountainData.swift */ = {isa = PBXFileReference; lastKnownFileType = sourcecode.swift; path = mountainData.swift; sourceTree = "<group>"; };
		9E72500428D7B74E000DF643 /* HomeSection.swift */ = {isa = PBXFileReference; lastKnownFileType = sourcecode.swift; path = HomeSection.swift; sourceTree = "<group>"; };
		9E72500628D7C01F000DF643 /* labelUI.swift */ = {isa = PBXFileReference; lastKnownFileType = sourcecode.swift; path = labelUI.swift; sourceTree = "<group>"; };
		9E72500A28D7C905000DF643 /* ElseCollectionViewCell.swift */ = {isa = PBXFileReference; lastKnownFileType = sourcecode.swift; path = ElseCollectionViewCell.swift; sourceTree = "<group>"; };
		9EAB1D1228D20A57009406A9 /* DiaryViewController.swift */ = {isa = PBXFileReference; lastKnownFileType = sourcecode.swift; path = DiaryViewController.swift; sourceTree = "<group>"; };
		9EAB1D1428D20A5E009406A9 /* SearchViewController.swift */ = {isa = PBXFileReference; lastKnownFileType = sourcecode.swift; path = SearchViewController.swift; sourceTree = "<group>"; };
		9EC2F77828E0906600DBC759 /* Repository.swift */ = {isa = PBXFileReference; lastKnownFileType = sourcecode.swift; path = Repository.swift; sourceTree = "<group>"; };
		9EC2F7A028E1698300DBC759 /* Userdefault + Realm.swift */ = {isa = PBXFileReference; lastKnownFileType = sourcecode.swift; path = "Userdefault + Realm.swift"; sourceTree = "<group>"; };
		9ECDCCD528DC67A400D412CC /* XMLParsing.swift */ = {isa = PBXFileReference; lastKnownFileType = sourcecode.swift; path = XMLParsing.swift; sourceTree = "<group>"; };
		9ED7695528D06099002D2574 /* Mountaing.app */ = {isa = PBXFileReference; explicitFileType = wrapper.application; includeInIndex = 0; path = Mountaing.app; sourceTree = BUILT_PRODUCTS_DIR; };
		9ED7695828D06099002D2574 /* AppDelegate.swift */ = {isa = PBXFileReference; lastKnownFileType = sourcecode.swift; path = AppDelegate.swift; sourceTree = "<group>"; };
		9ED7695A28D06099002D2574 /* SceneDelegate.swift */ = {isa = PBXFileReference; lastKnownFileType = sourcecode.swift; path = SceneDelegate.swift; sourceTree = "<group>"; };
		9ED7696128D0609B002D2574 /* Assets.xcassets */ = {isa = PBXFileReference; lastKnownFileType = folder.assetcatalog; path = Assets.xcassets; sourceTree = "<group>"; };
		9ED7696428D0609B002D2574 /* Base */ = {isa = PBXFileReference; lastKnownFileType = file.storyboard; name = Base; path = Base.lproj/LaunchScreen.storyboard; sourceTree = "<group>"; };
		9ED7696628D0609B002D2574 /* Info.plist */ = {isa = PBXFileReference; lastKnownFileType = text.plist.xml; path = Info.plist; sourceTree = "<group>"; };
		9ED7697528D063A9002D2574 /* BaseViewController.swift */ = {isa = PBXFileReference; lastKnownFileType = sourcecode.swift; path = BaseViewController.swift; sourceTree = "<group>"; };
		9ED7697728D063BA002D2574 /* BaseView.swift */ = {isa = PBXFileReference; lastKnownFileType = sourcecode.swift; path = BaseView.swift; sourceTree = "<group>"; };
		9ED7697928D063F8002D2574 /* MountainModel.swift */ = {isa = PBXFileReference; lastKnownFileType = sourcecode.swift; path = MountainModel.swift; sourceTree = "<group>"; };
		9ED7698C28D184B1002D2574 /* BaseTableViewCell.swift */ = {isa = PBXFileReference; lastKnownFileType = sourcecode.swift; path = BaseTableViewCell.swift; sourceTree = "<group>"; };
		9ED7698F28D1850B002D2574 /* Reusableprotocol.swift */ = {isa = PBXFileReference; lastKnownFileType = sourcecode.swift; path = Reusableprotocol.swift; sourceTree = "<group>"; };
		9ED7699128D18564002D2574 /* BaseCollectionViewCell.swift */ = {isa = PBXFileReference; lastKnownFileType = sourcecode.swift; path = BaseCollectionViewCell.swift; sourceTree = "<group>"; };
		9EF3220B28E4F0450048276E /* HSGooltokki.ttf */ = {isa = PBXFileReference; lastKnownFileType = file; path = HSGooltokki.ttf; sourceTree = "<group>"; };
		9EF3220C28E4F0460048276E /* KOTRA_SONGEULSSI.otf */ = {isa = PBXFileReference; lastKnownFileType = file; path = KOTRA_SONGEULSSI.otf; sourceTree = "<group>"; };
		9EF3220F28E4F1F30048276E /* KOTRA_BOLD.otf */ = {isa = PBXFileReference; lastKnownFileType = file; path = KOTRA_BOLD.otf; sourceTree = "<group>"; };
		9EF3221128E4FA3B0048276E /* Main.storyboard */ = {isa = PBXFileReference; lastKnownFileType = file.storyboard; path = Main.storyboard; sourceTree = "<group>"; };
		9EF3221328E728180048276E /* SaveImage.swift */ = {isa = PBXFileReference; lastKnownFileType = sourcecode.swift; path = SaveImage.swift; sourceTree = "<group>"; };
		9EF3221528E853F00048276E /* ConvertLocation.swift */ = {isa = PBXFileReference; lastKnownFileType = sourcecode.swift; path = ConvertLocation.swift; sourceTree = "<group>"; };
		9EF6AC7C28D31CB5000551E1 /* .gitignore.md */ = {isa = PBXFileReference; lastKnownFileType = net.daringfireball.markdown; path = .gitignore.md; sourceTree = "<group>"; };
		9EF6AC7E28D31DF7000551E1 /* APIKey.swift */ = {isa = PBXFileReference; lastKnownFileType = sourcecode.swift; path = APIKey.swift; sourceTree = "<group>"; };
		9EF6AC8F28D4DC53000551E1 /* SearchView.swift */ = {isa = PBXFileReference; lastKnownFileType = sourcecode.swift; path = SearchView.swift; sourceTree = "<group>"; };
		9EF6AC9128D4DC6D000551E1 /* SearchTableViewCell.swift */ = {isa = PBXFileReference; lastKnownFileType = sourcecode.swift; path = SearchTableViewCell.swift; sourceTree = "<group>"; };
		9EF6AC9328D4DCA3000551E1 /* DiaryView.swift */ = {isa = PBXFileReference; lastKnownFileType = sourcecode.swift; path = DiaryView.swift; sourceTree = "<group>"; };
		9EF6AC9728D5C98C000551E1 /* FirstView.swift */ = {isa = PBXFileReference; lastKnownFileType = sourcecode.swift; path = FirstView.swift; sourceTree = "<group>"; };
		9EF6AC9928D5C99E000551E1 /* FirstViewController.swift */ = {isa = PBXFileReference; lastKnownFileType = sourcecode.swift; path = FirstViewController.swift; sourceTree = "<group>"; };
		9EF6AC9B28D5CCED000551E1 /* Header.swift */ = {isa = PBXFileReference; lastKnownFileType = sourcecode.swift; path = Header.swift; sourceTree = "<group>"; };
		9EF6AC9D28D5E13A000551E1 /* FirstCollectionViewCell.swift */ = {isa = PBXFileReference; lastKnownFileType = sourcecode.swift; path = FirstCollectionViewCell.swift; sourceTree = "<group>"; };
		9EF6ACA728D7005F000551E1 /* FontCustom.swift */ = {isa = PBXFileReference; lastKnownFileType = sourcecode.swift; path = FontCustom.swift; sourceTree = "<group>"; };
		9EF6ACA928D70E89000551E1 /* SearchBarExtension.swift */ = {isa = PBXFileReference; lastKnownFileType = sourcecode.swift; path = SearchBarExtension.swift; sourceTree = "<group>"; };
		9EF6ACAB28D710A9000551E1 /* infoView.swift */ = {isa = PBXFileReference; lastKnownFileType = sourcecode.swift; path = infoView.swift; sourceTree = "<group>"; };
		9EF6ACAD28D710C9000551E1 /* InfoViewController.swift */ = {isa = PBXFileReference; lastKnownFileType = sourcecode.swift; path = InfoViewController.swift; sourceTree = "<group>"; };
		9EF6ACAF28D710E2000551E1 /* InfoTableViewCell.swift */ = {isa = PBXFileReference; lastKnownFileType = sourcecode.swift; path = InfoTableViewCell.swift; sourceTree = "<group>"; };
		9EF6ACB828D757B8000551E1 /* DataStruct.swift */ = {isa = PBXFileReference; lastKnownFileType = sourcecode.swift; path = DataStruct.swift; sourceTree = "<group>"; };
/* End PBXFileReference section */

/* Begin PBXFrameworksBuildPhase section */
		9ED7695228D06099002D2574 /* Frameworks */ = {
			isa = PBXFrameworksBuildPhase;
			buildActionMask = 2147483647;
			files = (
				9E583A9628E9BF8F00F23EB3 /* Kingfisher in Frameworks */,
				9E583A9028E9BF1A00F23EB3 /* RealmSwift in Frameworks */,
				9E583A8E28E9BF1A00F23EB3 /* Realm in Frameworks */,
				9E583A8B28E9BEB300F23EB3 /* SwiftyJSON in Frameworks */,
				9E583A8828E9BE8A00F23EB3 /* Alamofire in Frameworks */,
				9E583A9328E9BF7700F23EB3 /* SnapKit in Frameworks */,
			);
			runOnlyForDeploymentPostprocessing = 0;
		};
/* End PBXFrameworksBuildPhase section */

/* Begin PBXGroup section */
		9E5AE25D28DA9CE000D40B7B /* Font */ = {
			isa = PBXGroup;
			children = (
				9EF3220B28E4F0450048276E /* HSGooltokki.ttf */,
				9EF3220C28E4F0460048276E /* KOTRA_SONGEULSSI.otf */,
				9EF3220F28E4F1F30048276E /* KOTRA_BOLD.otf */,
				9E5AE25E28DA9CE000D40B7B /* ROKAF Sans Bold.otf */,
				9E5AE25F28DA9CE000D40B7B /* ROKAF Sans Medium.otf */,
			);
			path = Font;
			sourceTree = "<group>";
		};
		9E66B05628D9594E00023AE4 /* Extension */ = {
			isa = PBXGroup;
			children = (
				9EF6ACA928D70E89000551E1 /* SearchBarExtension.swift */,
				9E5AE26E28DC00DD00D40B7B /* TableViewExtension.swift */,
			);
			path = Extension;
			sourceTree = "<group>";
		};
		9E72500128D7B701000DF643 /* Model */ = {
			isa = PBXGroup;
			children = (
				9E72500228D7B711000DF643 /* mountainData.swift */,
				9E72500428D7B74E000DF643 /* HomeSection.swift */,
			);
			path = Model;
			sourceTree = "<group>";
		};
		9ED7694C28D06099002D2574 = {
			isa = PBXGroup;
			children = (
				9EF3221128E4FA3B0048276E /* Main.storyboard */,
				9EF6AC7C28D31CB5000551E1 /* .gitignore.md */,
				9ED7695728D06099002D2574 /* Mountaing */,
				9ED7695628D06099002D2574 /* Products */,
			);
			sourceTree = "<group>";
		};
		9ED7695628D06099002D2574 /* Products */ = {
			isa = PBXGroup;
			children = (
				9ED7695528D06099002D2574 /* Mountaing.app */,
			);
			name = Products;
			sourceTree = "<group>";
		};
		9ED7695728D06099002D2574 /* Mountaing */ = {
			isa = PBXGroup;
			children = (
				9E5AE25D28DA9CE000D40B7B /* Font */,
				9E72500128D7B701000DF643 /* Model */,
				9EF6AC7D28D31DED000551E1 /* Data */,
				9ED7698E28D184F7002D2574 /* Constant */,
				9ED7697428D063A0002D2574 /* Realm */,
				9EF6ACA428D5FE34000551E1 /* InfoView */,
				9ED7697328D0639B002D2574 /* Base */,
				9ED7696F28D0637D002D2574 /* DiaryTap */,
				9ED7696D28D0635A002D2574 /* SearchTap */,
				9ED7696C28D06354002D2574 /* FirstTap */,
				9ED7695828D06099002D2574 /* AppDelegate.swift */,
				9ED7695A28D06099002D2574 /* SceneDelegate.swift */,
				9ED7696128D0609B002D2574 /* Assets.xcassets */,
				9ED7696328D0609B002D2574 /* LaunchScreen.storyboard */,
				9ED7696628D0609B002D2574 /* Info.plist */,
			);
			path = Mountaing;
			sourceTree = "<group>";
		};
		9ED7696C28D06354002D2574 /* FirstTap */ = {
			isa = PBXGroup;
			children = (
				9EF6AC9728D5C98C000551E1 /* FirstView.swift */,
				9EF6AC9928D5C99E000551E1 /* FirstViewController.swift */,
				9EC2F7A028E1698300DBC759 /* Userdefault + Realm.swift */,
				9EF6AC9B28D5CCED000551E1 /* Header.swift */,
				9EF6AC9D28D5E13A000551E1 /* FirstCollectionViewCell.swift */,
				9E72500A28D7C905000DF643 /* ElseCollectionViewCell.swift */,
				9EF3221528E853F00048276E /* ConvertLocation.swift */,
			);
			path = FirstTap;
			sourceTree = "<group>";
		};
		9ED7696D28D0635A002D2574 /* SearchTap */ = {
			isa = PBXGroup;
			children = (
				9E66B05628D9594E00023AE4 /* Extension */,
				9EF6AC8F28D4DC53000551E1 /* SearchView.swift */,
				9EAB1D1428D20A5E009406A9 /* SearchViewController.swift */,
				9EF6AC9128D4DC6D000551E1 /* SearchTableViewCell.swift */,
			);
			path = SearchTap;
			sourceTree = "<group>";
		};
		9ED7696F28D0637D002D2574 /* DiaryTap */ = {
			isa = PBXGroup;
			children = (
				9EAB1D1228D20A57009406A9 /* DiaryViewController.swift */,
				9EF6AC9328D4DCA3000551E1 /* DiaryView.swift */,
			);
			path = DiaryTap;
			sourceTree = "<group>";
		};
		9ED7697328D0639B002D2574 /* Base */ = {
			isa = PBXGroup;
			children = (
				9ED7697528D063A9002D2574 /* BaseViewController.swift */,
				9ED7697728D063BA002D2574 /* BaseView.swift */,
				9ED7698C28D184B1002D2574 /* BaseTableViewCell.swift */,
				9ED7699128D18564002D2574 /* BaseCollectionViewCell.swift */,
			);
			path = Base;
			sourceTree = "<group>";
		};
		9ED7697428D063A0002D2574 /* Realm */ = {
			isa = PBXGroup;
			children = (
				9ED7697928D063F8002D2574 /* MountainModel.swift */,
				9EC2F77828E0906600DBC759 /* Repository.swift */,
			);
			path = Realm;
			sourceTree = "<group>";
		};
		9ED7698E28D184F7002D2574 /* Constant */ = {
			isa = PBXGroup;
			children = (
				9EF6ACA728D7005F000551E1 /* FontCustom.swift */,
				9ED7698F28D1850B002D2574 /* Reusableprotocol.swift */,
				9E72500628D7C01F000DF643 /* labelUI.swift */,
				9E65EB6628E4ABE200D41737 /* ColorCustom.swift */,
				9EF3221328E728180048276E /* SaveImage.swift */,
			);
			path = Constant;
			sourceTree = "<group>";
		};
		9EF6AC7D28D31DED000551E1 /* Data */ = {
			isa = PBXGroup;
			children = (
				9EF6AC7E28D31DF7000551E1 /* APIKey.swift */,
				9EF6ACB828D757B8000551E1 /* DataStruct.swift */,
				9ECDCCD528DC67A400D412CC /* XMLParsing.swift */,
			);
			path = Data;
			sourceTree = "<group>";
		};
		9EF6ACA428D5FE34000551E1 /* InfoView */ = {
			isa = PBXGroup;
			children = (
				9EF6ACAB28D710A9000551E1 /* infoView.swift */,
				9EF6ACAD28D710C9000551E1 /* InfoViewController.swift */,
				9EF6ACAF28D710E2000551E1 /* InfoTableViewCell.swift */,
			);
			path = InfoView;
			sourceTree = "<group>";
		};
/* End PBXGroup section */

/* Begin PBXNativeTarget section */
		9ED7695428D06099002D2574 /* Mountaing */ = {
			isa = PBXNativeTarget;
			buildConfigurationList = 9ED7696928D0609B002D2574 /* Build configuration list for PBXNativeTarget "Mountaing" */;
			buildPhases = (
				9ED7695128D06099002D2574 /* Sources */,
				9ED7695228D06099002D2574 /* Frameworks */,
				9ED7695328D06099002D2574 /* Resources */,
			);
			buildRules = (
			);
			dependencies = (
			);
			name = Mountaing;
			packageProductDependencies = (
				9E583A8728E9BE8A00F23EB3 /* Alamofire */,
				9E583A8A28E9BEB300F23EB3 /* SwiftyJSON */,
				9E583A8D28E9BF1A00F23EB3 /* Realm */,
				9E583A8F28E9BF1A00F23EB3 /* RealmSwift */,
				9E583A9228E9BF7700F23EB3 /* SnapKit */,
				9E583A9528E9BF8F00F23EB3 /* Kingfisher */,
			);
			productName = Mountaing;
			productReference = 9ED7695528D06099002D2574 /* Mountaing.app */;
			productType = "com.apple.product-type.application";
		};
/* End PBXNativeTarget section */

/* Begin PBXProject section */
		9ED7694D28D06099002D2574 /* Project object */ = {
			isa = PBXProject;
			attributes = {
				BuildIndependentTargetsInParallel = 1;
				LastSwiftUpdateCheck = 1340;
				LastUpgradeCheck = 1340;
				TargetAttributes = {
					9ED7695428D06099002D2574 = {
						CreatedOnToolsVersion = 13.4.1;
					};
				};
			};
			buildConfigurationList = 9ED7695028D06099002D2574 /* Build configuration list for PBXProject "Mountaing" */;
			compatibilityVersion = "Xcode 13.0";
			developmentRegion = en;
			hasScannedForEncodings = 0;
			knownRegions = (
				en,
				Base,
			);
			mainGroup = 9ED7694C28D06099002D2574;
			packageReferences = (
				9EC65C0F28D86C4100996713 /* XCRemoteSwiftPackageReference "SwiftyJSON" */,
				9E59F01D28E40EA4004AFEFF /* XCRemoteSwiftPackageReference "realm-swift" */,
				9E583A8528E9BB7500F23EB3 /* XCRemoteSwiftPackageReference "Alamofire" */,
				9E583A8628E9BE8A00F23EB3 /* XCRemoteSwiftPackageReference "Alamofire" */,
				9E583A8928E9BEB300F23EB3 /* XCRemoteSwiftPackageReference "SwiftyJSON" */,
				9E583A8C28E9BF1A00F23EB3 /* XCRemoteSwiftPackageReference "realm-swift" */,
				9E583A9128E9BF7700F23EB3 /* XCRemoteSwiftPackageReference "SnapKit" */,
				9E583A9428E9BF8F00F23EB3 /* XCRemoteSwiftPackageReference "Kingfisher" */,
			);
			productRefGroup = 9ED7695628D06099002D2574 /* Products */;
			projectDirPath = "";
			projectRoot = "";
			targets = (
				9ED7695428D06099002D2574 /* Mountaing */,
			);
		};
/* End PBXProject section */

/* Begin PBXResourcesBuildPhase section */
		9ED7695328D06099002D2574 /* Resources */ = {
			isa = PBXResourcesBuildPhase;
			buildActionMask = 2147483647;
			files = (
				9ED7696528D0609B002D2574 /* LaunchScreen.storyboard in Resources */,
				9EF3220D28E4F0460048276E /* HSGooltokki.ttf in Resources */,
				9EF3220E28E4F0460048276E /* KOTRA_SONGEULSSI.otf in Resources */,
				9EF3221228E4FA3B0048276E /* Main.storyboard in Resources */,
				9ED7696228D0609B002D2574 /* Assets.xcassets in Resources */,
				9E5AE26028DA9CE000D40B7B /* ROKAF Sans Bold.otf in Resources */,
				9EF3221028E4F1F30048276E /* KOTRA_BOLD.otf in Resources */,
				9E5AE26128DA9CE100D40B7B /* ROKAF Sans Medium.otf in Resources */,
			);
			runOnlyForDeploymentPostprocessing = 0;
		};
/* End PBXResourcesBuildPhase section */

/* Begin PBXSourcesBuildPhase section */
		9ED7695128D06099002D2574 /* Sources */ = {
			isa = PBXSourcesBuildPhase;
			buildActionMask = 2147483647;
			files = (
				9E72500728D7C01F000DF643 /* labelUI.swift in Sources */,
				9EF6ACB028D710E3000551E1 /* InfoTableViewCell.swift in Sources */,
				9EF6AC7F28D31DF7000551E1 /* APIKey.swift in Sources */,
				9ECDCCD628DC67A400D412CC /* XMLParsing.swift in Sources */,
				9EF3221628E853F00048276E /* ConvertLocation.swift in Sources */,
				9EF6ACAE28D710C9000551E1 /* InfoViewController.swift in Sources */,
				9EAB1D1328D20A57009406A9 /* DiaryViewController.swift in Sources */,
				9ED7697628D063A9002D2574 /* BaseViewController.swift in Sources */,
				9ED7697A28D063F8002D2574 /* MountainModel.swift in Sources */,
				9EF6AC9428D4DCA3000551E1 /* DiaryView.swift in Sources */,
				9E72500B28D7C905000DF643 /* ElseCollectionViewCell.swift in Sources */,
				9E72500528D7B74E000DF643 /* HomeSection.swift in Sources */,
				9EC2F77928E0906600DBC759 /* Repository.swift in Sources */,
				9EF3221428E728180048276E /* SaveImage.swift in Sources */,
				9ED7695928D06099002D2574 /* AppDelegate.swift in Sources */,
				9EF6ACB928D757B8000551E1 /* DataStruct.swift in Sources */,
				9ED7699228D18564002D2574 /* BaseCollectionViewCell.swift in Sources */,
				9EF6ACAC28D710A9000551E1 /* infoView.swift in Sources */,
				9EC2F7A128E1698300DBC759 /* Userdefault + Realm.swift in Sources */,
				9ED7698D28D184B1002D2574 /* BaseTableViewCell.swift in Sources */,
				9EF6AC9028D4DC53000551E1 /* SearchView.swift in Sources */,
				9E72500328D7B711000DF643 /* mountainData.swift in Sources */,
				9EF6AC9C28D5CCED000551E1 /* Header.swift in Sources */,
				9EF6AC9828D5C98C000551E1 /* FirstView.swift in Sources */,
				9EF6AC9E28D5E13B000551E1 /* FirstCollectionViewCell.swift in Sources */,
				9EAB1D1528D20A5E009406A9 /* SearchViewController.swift in Sources */,
				9ED7697828D063BA002D2574 /* BaseView.swift in Sources */,
				9ED7695B28D06099002D2574 /* SceneDelegate.swift in Sources */,
				9E5AE26F28DC00DD00D40B7B /* TableViewExtension.swift in Sources */,
				9E65EB6728E4ABE300D41737 /* ColorCustom.swift in Sources */,
				9EF6ACA828D70060000551E1 /* FontCustom.swift in Sources */,
				9EF6ACAA28D70E89000551E1 /* SearchBarExtension.swift in Sources */,
				9EF6AC9228D4DC6D000551E1 /* SearchTableViewCell.swift in Sources */,
				9ED7699028D1850B002D2574 /* Reusableprotocol.swift in Sources */,
				9EF6AC9A28D5C99E000551E1 /* FirstViewController.swift in Sources */,
			);
			runOnlyForDeploymentPostprocessing = 0;
		};
/* End PBXSourcesBuildPhase section */

/* Begin PBXVariantGroup section */
		9ED7696328D0609B002D2574 /* LaunchScreen.storyboard */ = {
			isa = PBXVariantGroup;
			children = (
				9ED7696428D0609B002D2574 /* Base */,
			);
			name = LaunchScreen.storyboard;
			sourceTree = "<group>";
		};
/* End PBXVariantGroup section */

/* Begin XCBuildConfiguration section */
		9ED7696728D0609B002D2574 /* Debug */ = {
			isa = XCBuildConfiguration;
			buildSettings = {
				ALWAYS_SEARCH_USER_PATHS = NO;
				CLANG_ANALYZER_NONNULL = YES;
				CLANG_ANALYZER_NUMBER_OBJECT_CONVERSION = YES_AGGRESSIVE;
				CLANG_CXX_LANGUAGE_STANDARD = "gnu++17";
				CLANG_ENABLE_MODULES = YES;
				CLANG_ENABLE_OBJC_ARC = YES;
				CLANG_ENABLE_OBJC_WEAK = YES;
				CLANG_WARN_BLOCK_CAPTURE_AUTORELEASING = YES;
				CLANG_WARN_BOOL_CONVERSION = YES;
				CLANG_WARN_COMMA = YES;
				CLANG_WARN_CONSTANT_CONVERSION = YES;
				CLANG_WARN_DEPRECATED_OBJC_IMPLEMENTATIONS = YES;
				CLANG_WARN_DIRECT_OBJC_ISA_USAGE = YES_ERROR;
				CLANG_WARN_DOCUMENTATION_COMMENTS = YES;
				CLANG_WARN_EMPTY_BODY = YES;
				CLANG_WARN_ENUM_CONVERSION = YES;
				CLANG_WARN_INFINITE_RECURSION = YES;
				CLANG_WARN_INT_CONVERSION = YES;
				CLANG_WARN_NON_LITERAL_NULL_CONVERSION = YES;
				CLANG_WARN_OBJC_IMPLICIT_RETAIN_SELF = YES;
				CLANG_WARN_OBJC_LITERAL_CONVERSION = YES;
				CLANG_WARN_OBJC_ROOT_CLASS = YES_ERROR;
				CLANG_WARN_QUOTED_INCLUDE_IN_FRAMEWORK_HEADER = YES;
				CLANG_WARN_RANGE_LOOP_ANALYSIS = YES;
				CLANG_WARN_STRICT_PROTOTYPES = YES;
				CLANG_WARN_SUSPICIOUS_MOVE = YES;
				CLANG_WARN_UNGUARDED_AVAILABILITY = YES_AGGRESSIVE;
				CLANG_WARN_UNREACHABLE_CODE = YES;
				CLANG_WARN__DUPLICATE_METHOD_MATCH = YES;
				COPY_PHASE_STRIP = NO;
				DEBUG_INFORMATION_FORMAT = dwarf;
				ENABLE_STRICT_OBJC_MSGSEND = YES;
				ENABLE_TESTABILITY = YES;
				GCC_C_LANGUAGE_STANDARD = gnu11;
				GCC_DYNAMIC_NO_PIC = NO;
				GCC_NO_COMMON_BLOCKS = YES;
				GCC_OPTIMIZATION_LEVEL = 0;
				GCC_PREPROCESSOR_DEFINITIONS = (
					"DEBUG=1",
					"$(inherited)",
				);
				GCC_WARN_64_TO_32_BIT_CONVERSION = YES;
				GCC_WARN_ABOUT_RETURN_TYPE = YES_ERROR;
				GCC_WARN_UNDECLARED_SELECTOR = YES;
				GCC_WARN_UNINITIALIZED_AUTOS = YES_AGGRESSIVE;
				GCC_WARN_UNUSED_FUNCTION = YES;
				GCC_WARN_UNUSED_VARIABLE = YES;
				IPHONEOS_DEPLOYMENT_TARGET = 15.5;
				MTL_ENABLE_DEBUG_INFO = INCLUDE_SOURCE;
				MTL_FAST_MATH = YES;
				ONLY_ACTIVE_ARCH = YES;
				SDKROOT = iphoneos;
				SWIFT_ACTIVE_COMPILATION_CONDITIONS = DEBUG;
				SWIFT_OPTIMIZATION_LEVEL = "-Onone";
			};
			name = Debug;
		};
		9ED7696828D0609B002D2574 /* Release */ = {
			isa = XCBuildConfiguration;
			buildSettings = {
				ALWAYS_SEARCH_USER_PATHS = NO;
				CLANG_ANALYZER_NONNULL = YES;
				CLANG_ANALYZER_NUMBER_OBJECT_CONVERSION = YES_AGGRESSIVE;
				CLANG_CXX_LANGUAGE_STANDARD = "gnu++17";
				CLANG_ENABLE_MODULES = YES;
				CLANG_ENABLE_OBJC_ARC = YES;
				CLANG_ENABLE_OBJC_WEAK = YES;
				CLANG_WARN_BLOCK_CAPTURE_AUTORELEASING = YES;
				CLANG_WARN_BOOL_CONVERSION = YES;
				CLANG_WARN_COMMA = YES;
				CLANG_WARN_CONSTANT_CONVERSION = YES;
				CLANG_WARN_DEPRECATED_OBJC_IMPLEMENTATIONS = YES;
				CLANG_WARN_DIRECT_OBJC_ISA_USAGE = YES_ERROR;
				CLANG_WARN_DOCUMENTATION_COMMENTS = YES;
				CLANG_WARN_EMPTY_BODY = YES;
				CLANG_WARN_ENUM_CONVERSION = YES;
				CLANG_WARN_INFINITE_RECURSION = YES;
				CLANG_WARN_INT_CONVERSION = YES;
				CLANG_WARN_NON_LITERAL_NULL_CONVERSION = YES;
				CLANG_WARN_OBJC_IMPLICIT_RETAIN_SELF = YES;
				CLANG_WARN_OBJC_LITERAL_CONVERSION = YES;
				CLANG_WARN_OBJC_ROOT_CLASS = YES_ERROR;
				CLANG_WARN_QUOTED_INCLUDE_IN_FRAMEWORK_HEADER = YES;
				CLANG_WARN_RANGE_LOOP_ANALYSIS = YES;
				CLANG_WARN_STRICT_PROTOTYPES = YES;
				CLANG_WARN_SUSPICIOUS_MOVE = YES;
				CLANG_WARN_UNGUARDED_AVAILABILITY = YES_AGGRESSIVE;
				CLANG_WARN_UNREACHABLE_CODE = YES;
				CLANG_WARN__DUPLICATE_METHOD_MATCH = YES;
				COPY_PHASE_STRIP = NO;
				DEBUG_INFORMATION_FORMAT = "dwarf-with-dsym";
				ENABLE_NS_ASSERTIONS = NO;
				ENABLE_STRICT_OBJC_MSGSEND = YES;
				GCC_C_LANGUAGE_STANDARD = gnu11;
				GCC_NO_COMMON_BLOCKS = YES;
				GCC_WARN_64_TO_32_BIT_CONVERSION = YES;
				GCC_WARN_ABOUT_RETURN_TYPE = YES_ERROR;
				GCC_WARN_UNDECLARED_SELECTOR = YES;
				GCC_WARN_UNINITIALIZED_AUTOS = YES_AGGRESSIVE;
				GCC_WARN_UNUSED_FUNCTION = YES;
				GCC_WARN_UNUSED_VARIABLE = YES;
				IPHONEOS_DEPLOYMENT_TARGET = 15.5;
				MTL_ENABLE_DEBUG_INFO = NO;
				MTL_FAST_MATH = YES;
				SDKROOT = iphoneos;
				SWIFT_COMPILATION_MODE = wholemodule;
				SWIFT_OPTIMIZATION_LEVEL = "-O";
				VALIDATE_PRODUCT = YES;
			};
			name = Release;
		};
		9ED7696A28D0609B002D2574 /* Debug */ = {
			isa = XCBuildConfiguration;
			buildSettings = {
				ASSETCATALOG_COMPILER_APPICON_NAME = AppIcon;
				ASSETCATALOG_COMPILER_GLOBAL_ACCENT_COLOR_NAME = AccentColor;
				CODE_SIGN_STYLE = Automatic;
				CURRENT_PROJECT_VERSION = 1;
				DEVELOPMENT_TEAM = K27UK338MM;
				GENERATE_INFOPLIST_FILE = YES;
				INFOPLIST_FILE = Mountaing/Info.plist;
				INFOPLIST_KEY_UIApplicationSupportsIndirectInputEvents = YES;
				INFOPLIST_KEY_UILaunchStoryboardName = LaunchScreen;
				INFOPLIST_KEY_UIMainStoryboardFile = Main;
				INFOPLIST_KEY_UISupportedInterfaceOrientations_iPad = "UIInterfaceOrientationPortrait UIInterfaceOrientationPortraitUpsideDown UIInterfaceOrientationLandscapeLeft UIInterfaceOrientationLandscapeRight";
				INFOPLIST_KEY_UISupportedInterfaceOrientations_iPhone = "UIInterfaceOrientationPortrait UIInterfaceOrientationLandscapeLeft UIInterfaceOrientationLandscapeRight";
				IPHONEOS_DEPLOYMENT_TARGET = 15.0;
				LD_RUNPATH_SEARCH_PATHS = (
					"$(inherited)",
					"@executable_path/Frameworks",
				);
				MARKETING_VERSION = 1.0;
				PRODUCT_BUNDLE_IDENTIFIER = com.Anniekang.Mountaing;
				PRODUCT_NAME = "$(TARGET_NAME)";
				SWIFT_EMIT_LOC_STRINGS = YES;
				SWIFT_VERSION = 5.0;
				TARGETED_DEVICE_FAMILY = 1;
			};
			name = Debug;
		};
		9ED7696B28D0609B002D2574 /* Release */ = {
			isa = XCBuildConfiguration;
			buildSettings = {
				ASSETCATALOG_COMPILER_APPICON_NAME = AppIcon;
				ASSETCATALOG_COMPILER_GLOBAL_ACCENT_COLOR_NAME = AccentColor;
				CODE_SIGN_STYLE = Automatic;
				CURRENT_PROJECT_VERSION = 1;
				DEVELOPMENT_TEAM = K27UK338MM;
				GENERATE_INFOPLIST_FILE = YES;
				INFOPLIST_FILE = Mountaing/Info.plist;
				INFOPLIST_KEY_UIApplicationSupportsIndirectInputEvents = YES;
				INFOPLIST_KEY_UILaunchStoryboardName = LaunchScreen;
				INFOPLIST_KEY_UIMainStoryboardFile = Main;
				INFOPLIST_KEY_UISupportedInterfaceOrientations_iPad = "UIInterfaceOrientationPortrait UIInterfaceOrientationPortraitUpsideDown UIInterfaceOrientationLandscapeLeft UIInterfaceOrientationLandscapeRight";
				INFOPLIST_KEY_UISupportedInterfaceOrientations_iPhone = "UIInterfaceOrientationPortrait UIInterfaceOrientationLandscapeLeft UIInterfaceOrientationLandscapeRight";
				IPHONEOS_DEPLOYMENT_TARGET = 15.0;
				LD_RUNPATH_SEARCH_PATHS = (
					"$(inherited)",
					"@executable_path/Frameworks",
				);
				MARKETING_VERSION = 1.0;
				PRODUCT_BUNDLE_IDENTIFIER = com.Anniekang.Mountaing;
				PRODUCT_NAME = "$(TARGET_NAME)";
				SWIFT_EMIT_LOC_STRINGS = YES;
				SWIFT_VERSION = 5.0;
				TARGETED_DEVICE_FAMILY = 1;
			};
			name = Release;
		};
/* End XCBuildConfiguration section */

/* Begin XCConfigurationList section */
		9ED7695028D06099002D2574 /* Build configuration list for PBXProject "Mountaing" */ = {
			isa = XCConfigurationList;
			buildConfigurations = (
				9ED7696728D0609B002D2574 /* Debug */,
				9ED7696828D0609B002D2574 /* Release */,
			);
			defaultConfigurationIsVisible = 0;
			defaultConfigurationName = Release;
		};
		9ED7696928D0609B002D2574 /* Build configuration list for PBXNativeTarget "Mountaing" */ = {
			isa = XCConfigurationList;
			buildConfigurations = (
				9ED7696A28D0609B002D2574 /* Debug */,
				9ED7696B28D0609B002D2574 /* Release */,
			);
			defaultConfigurationIsVisible = 0;
			defaultConfigurationName = Release;
		};
/* End XCConfigurationList section */

/* Begin XCRemoteSwiftPackageReference section */
		9E583A8528E9BB7500F23EB3 /* XCRemoteSwiftPackageReference "Alamofire" */ = {
			isa = XCRemoteSwiftPackageReference;
			repositoryURL = "https://github.com/Alamofire/Alamofire.git";
			requirement = {
				kind = upToNextMajorVersion;
				minimumVersion = 5.0.0;
			};
		};
		9E583A8628E9BE8A00F23EB3 /* XCRemoteSwiftPackageReference "Alamofire" */ = {
			isa = XCRemoteSwiftPackageReference;
			repositoryURL = "https://github.com/Alamofire/Alamofire.git";
			requirement = {
				kind = upToNextMajorVersion;
				minimumVersion = 5.0.0;
			};
		};
		9E583A8928E9BEB300F23EB3 /* XCRemoteSwiftPackageReference "SwiftyJSON" */ = {
			isa = XCRemoteSwiftPackageReference;
			repositoryURL = "https://github.com/SwiftyJSON/SwiftyJSON.git";
			requirement = {
				kind = upToNextMajorVersion;
				minimumVersion = 5.0.0;
			};
		};
		9E583A8C28E9BF1A00F23EB3 /* XCRemoteSwiftPackageReference "realm-swift" */ = {
			isa = XCRemoteSwiftPackageReference;
			repositoryURL = "https://github.com/realm/realm-swift.git";
			requirement = {
				branch = master;
				kind = branch;
			};
		};
		9E583A9128E9BF7700F23EB3 /* XCRemoteSwiftPackageReference "SnapKit" */ = {
			isa = XCRemoteSwiftPackageReference;
			repositoryURL = "https://github.com/SnapKit/SnapKit.git";
			requirement = {
				kind = upToNextMajorVersion;
				minimumVersion = 5.0.0;
			};
		};
		9E583A9428E9BF8F00F23EB3 /* XCRemoteSwiftPackageReference "Kingfisher" */ = {
			isa = XCRemoteSwiftPackageReference;
			repositoryURL = "https://github.com/onevcat/Kingfisher.git";
			requirement = {
				kind = upToNextMajorVersion;
				minimumVersion = 7.0.0;
			};
		};
		9E59F01D28E40EA4004AFEFF /* XCRemoteSwiftPackageReference "realm-swift" */ = {
			isa = XCRemoteSwiftPackageReference;
			repositoryURL = "https://github.com/realm/realm-swift.git";
			requirement = {
				kind = upToNextMajorVersion;
				minimumVersion = 10.30.0;
			};
		};
		9EC65C0F28D86C4100996713 /* XCRemoteSwiftPackageReference "SwiftyJSON" */ = {
			isa = XCRemoteSwiftPackageReference;
			repositoryURL = "https://github.com/SwiftyJSON/SwiftyJSON.git";
			requirement = {
				kind = upToNextMajorVersion;
				minimumVersion = 5.0.0;
			};
		};
/* End XCRemoteSwiftPackageReference section */

/* Begin XCSwiftPackageProductDependency section */
		9E583A8728E9BE8A00F23EB3 /* Alamofire */ = {
			isa = XCSwiftPackageProductDependency;
			package = 9E583A8528E9BB7500F23EB3 /* XCRemoteSwiftPackageReference "Alamofire" */;
			productName = Alamofire;
		};
		9E583A8A28E9BEB300F23EB3 /* SwiftyJSON */ = {
			isa = XCSwiftPackageProductDependency;
			package = 9EC65C0F28D86C4100996713 /* XCRemoteSwiftPackageReference "SwiftyJSON" */;
			productName = SwiftyJSON;
		};
		9E583A8D28E9BF1A00F23EB3 /* Realm */ = {
			isa = XCSwiftPackageProductDependency;
			package = 9E583A8C28E9BF1A00F23EB3 /* XCRemoteSwiftPackageReference "realm-swift" */;
			productName = Realm;
		};
		9E583A8F28E9BF1A00F23EB3 /* RealmSwift */ = {
			isa = XCSwiftPackageProductDependency;
			package = 9E583A8C28E9BF1A00F23EB3 /* XCRemoteSwiftPackageReference "realm-swift" */;
			productName = RealmSwift;
		};
		9E583A9228E9BF7700F23EB3 /* SnapKit */ = {
			isa = XCSwiftPackageProductDependency;
			package = 9E583A9128E9BF7700F23EB3 /* XCRemoteSwiftPackageReference "SnapKit" */;
			productName = SnapKit;
		};
		9E583A9528E9BF8F00F23EB3 /* Kingfisher */ = {
			isa = XCSwiftPackageProductDependency;
			package = 9E583A9428E9BF8F00F23EB3 /* XCRemoteSwiftPackageReference "Kingfisher" */;
			productName = Kingfisher;
		};
/* End XCSwiftPackageProductDependency section */
	};
	rootObject = 9ED7694D28D06099002D2574 /* Project object */;
}
